<?xml version="1.0" encoding="utf-8"?>
<Project ToolsVersion="4.0" xmlns="http://schemas.microsoft.com/developer/msbuild/2003">
  <ItemGroup>
    <Filter Include="Source Files">
      <UniqueIdentifier>{4FC737F1-C7A5-4376-A066-2A32D752A2FF}</UniqueIdentifier>
      <Extensions>cpp;c;cc;cxx;def;odl;idl;hpj;bat;asm;asmx</Extensions>
    </Filter>
    <Filter Include="Header Files">
      <UniqueIdentifier>{93995380-89BD-4b04-88EB-625FBE52EBFB}</UniqueIdentifier>
      <Extensions>h;hh;hpp;hxx;hm;inl;inc;xsd</Extensions>
    </Filter>
    <Filter Include="Resource Files">
      <UniqueIdentifier>{67DA6AB6-F800-4c08-8B7A-83BB121AAD01}</UniqueIdentifier>
      <Extensions>rc;ico;cur;bmp;dlg;rc2;rct;bin;rgs;gif;jpg;jpeg;jpe;resx;tiff;tif;png;wav</Extensions>
    </Filter>
    <Filter Include="Header Files\core">
      <UniqueIdentifier>{f4c2aa06-d879-4355-b330-d397cc6b3fb0}</UniqueIdentifier>
    </Filter>
    <Filter Include="Header Files\common">
      <UniqueIdentifier>{19f2249c-b8b6-485e-ba2b-ca3043fa90ea}</UniqueIdentifier>
    </Filter>
    <Filter Include="Source Files\core">
      <UniqueIdentifier>{508ba60a-d911-4c13-b916-0e7169e63f0d}</UniqueIdentifier>
    </Filter>
    <Filter Include="Source Files\common">
      <UniqueIdentifier>{686cb373-73e9-44cc-a6ce-cefacc2c3f24}</UniqueIdentifier>
    </Filter>
    <Filter Include="Source Files\modules">
      <UniqueIdentifier>{a84c5724-7178-4ab6-86c1-7d7635d08aee}</UniqueIdentifier>
    </Filter>
    <Filter Include="Header Files\tests">
      <UniqueIdentifier>{a892d5f5-0c54-46cf-80b5-88a12247ba36}</UniqueIdentifier>
    </Filter>
    <Filter Include="Source Files\tests">
      <UniqueIdentifier>{9c939d28-a317-4c1a-96b4-53193124593b}</UniqueIdentifier>
    </Filter>
  </ItemGroup>
  <ItemGroup>
    <ClCompile Include="core\ecds_launcher.c">
      <Filter>Source Files\core</Filter>
    </ClCompile>
    <ClCompile Include="common\ecds_list.c">
      <Filter>Source Files\common</Filter>
    </ClCompile>
    <ClCompile Include="common\ecds_log.c">
      <Filter>Source Files\common</Filter>
    </ClCompile>
    <ClCompile Include="core\ecds_memory_manager.c">
      <Filter>Source Files\core</Filter>
    </ClCompile>
    <ClCompile Include="common\ecds_queue.c">
      <Filter>Source Files\common</Filter>
    </ClCompile>
    <ClCompile Include="core\ecds_dispatcher.c">
      <Filter>Source Files\core</Filter>
    </ClCompile>
    <ClCompile Include="core\ecds_service.c">
      <Filter>Source Files\core</Filter>
    </ClCompile>
    <ClCompile Include="core\ecds_class_handler.c">
      <Filter>Source Files\common</Filter>
    </ClCompile>
    <ClCompile Include="tests\ecds_test_class.c">
      <Filter>Source Files\tests</Filter>
    </ClCompile>
  </ItemGroup>
  <ItemGroup>
    <ClInclude Include="ecds.h">
      <Filter>Header Files</Filter>
    </ClInclude>
    <ClInclude Include="core\ecds_class_handler.h">
      <Filter>Header Files\core</Filter>
    </ClInclude>
    <ClInclude Include="core\ecds_dispatcher.h">
      <Filter>Header Files\core</Filter>
    </ClInclude>
    <ClInclude Include="core\ecds_memory_manager.h">
      <Filter>Header Files\core</Filter>
    </ClInclude>
    <ClInclude Include="core\ecds_module_manager.h">
      <Filter>Header Files\core</Filter>
    </ClInclude>
    <ClInclude Include="common\ecds_service.h">
      <Filter>Header Files\common</Filter>
    </ClInclude>
    <ClInclude Include="common\ecds_module.h">
      <Filter>Header Files\common</Filter>
    </ClInclude>
    <ClInclude Include="common\ecds_queue.h">
      <Filter>Header Files\common</Filter>
    </ClInclude>
    <ClInclude Include="common\ecds_log.h">
      <Filter>Header Files\common</Filter>
    </ClInclude>
    <ClInclude Include="common\ecds_list.h">
      <Filter>Header Files\common</Filter>
    </ClInclude>
    <ClInclude Include="common\ecds_event.h">
      <Filter>Header Files\common</Filter>
    </ClInclude>
    <ClInclude Include="common\ecds_version.h">
      <Filter>Header Files</Filter>
    </ClInclude>
    <ClInclude Include="core\ecds_object.h">
      <Filter>Header Files\core</Filter>
    </ClInclude>
    <ClInclude Include="core\ecds_process.h">
      <Filter>Header Files\core</Filter>
    </ClInclude>
    <ClInclude Include="core\ecds_list_internal.h">
      <Filter>Header Files\core</Filter>
    </ClInclude>
    <ClInclude Include="common\ecds_test_class.h">
      <Filter>Header Files\tests</Filter>
    </ClInclude>
  </ItemGroup>
  <ItemGroup>
    <None Include="packages.config" />
  </ItemGroup>
</Project>